// !$*UTF8*$!
{
	archiveVersion = 1;
	classes = {
	};
	objectVersion = 56;
	objects = {

/* Begin PBXBuildFile section */
		B15347532940C20C00A394F8 /* AoCDay6.swift in Sources */ = {isa = PBXBuildFile; fileRef = B15347522940C20C00A394F8 /* AoCDay6.swift */; };
		B15347542940C2E800A394F8 /* AoCDay6.swift in Sources */ = {isa = PBXBuildFile; fileRef = B15347522940C20C00A394F8 /* AoCDay6.swift */; };
		B15347582940C7F300A394F8 /* inputday6.txt in Resources */ = {isa = PBXBuildFile; fileRef = B15347572940C7F300A394F8 /* inputday6.txt */; };
		B153475A2941066500A394F8 /* inputday7example.txt in Resources */ = {isa = PBXBuildFile; fileRef = B15347592941066500A394F8 /* inputday7example.txt */; };
		B153475C2941068900A394F8 /* AoCDay7.swift in Sources */ = {isa = PBXBuildFile; fileRef = B153475B2941068900A394F8 /* AoCDay7.swift */; };
		B153475D2941068900A394F8 /* AoCDay7.swift in Sources */ = {isa = PBXBuildFile; fileRef = B153475B2941068900A394F8 /* AoCDay7.swift */; };
		B153475F29412AEA00A394F8 /* inputday7.txt in Resources */ = {isa = PBXBuildFile; fileRef = B153475E29412AEA00A394F8 /* inputday7.txt */; };
		B153476029412AEA00A394F8 /* inputday7.txt in Resources */ = {isa = PBXBuildFile; fileRef = B153475E29412AEA00A394F8 /* inputday7.txt */; };
		B15347622941C65100A394F8 /* inputday8example.txt in Resources */ = {isa = PBXBuildFile; fileRef = B15347612941C65100A394F8 /* inputday8example.txt */; };
		B15347632941C65100A394F8 /* inputday8example.txt in Resources */ = {isa = PBXBuildFile; fileRef = B15347612941C65100A394F8 /* inputday8example.txt */; };
		B15347652941C67600A394F8 /* AoCDay8.swift in Sources */ = {isa = PBXBuildFile; fileRef = B15347642941C67600A394F8 /* AoCDay8.swift */; };
		B15347662941C67600A394F8 /* AoCDay8.swift in Sources */ = {isa = PBXBuildFile; fileRef = B15347642941C67600A394F8 /* AoCDay8.swift */; };
		B15347682942064800A394F8 /* inputday8.txt in Resources */ = {isa = PBXBuildFile; fileRef = B15347672942064800A394F8 /* inputday8.txt */; };
		B15347692942064800A394F8 /* inputday8.txt in Resources */ = {isa = PBXBuildFile; fileRef = B15347672942064800A394F8 /* inputday8.txt */; };
		B153476B294208AE00A394F8 /* inputday8Example2 in Resources */ = {isa = PBXBuildFile; fileRef = B153476A294208AE00A394F8 /* inputday8Example2 */; };
		B153476C294208AE00A394F8 /* inputday8Example2 in Resources */ = {isa = PBXBuildFile; fileRef = B153476A294208AE00A394F8 /* inputday8Example2 */; };
		B153476E294311DC00A394F8 /* AoCDay9.swift in Sources */ = {isa = PBXBuildFile; fileRef = B153476D294311DC00A394F8 /* AoCDay9.swift */; };
		B153476F294311DC00A394F8 /* AoCDay9.swift in Sources */ = {isa = PBXBuildFile; fileRef = B153476D294311DC00A394F8 /* AoCDay9.swift */; };
		B15347712943120A00A394F8 /* inputday9example.txt in Resources */ = {isa = PBXBuildFile; fileRef = B15347702943120A00A394F8 /* inputday9example.txt */; };
		B15347722943120A00A394F8 /* inputday9example.txt in Resources */ = {isa = PBXBuildFile; fileRef = B15347702943120A00A394F8 /* inputday9example.txt */; };
		B15347742943D4B900A394F8 /* inputday9.txt in Resources */ = {isa = PBXBuildFile; fileRef = B15347732943D4B900A394F8 /* inputday9.txt */; };
		B15347752943D4B900A394F8 /* inputday9.txt in Resources */ = {isa = PBXBuildFile; fileRef = B15347732943D4B900A394F8 /* inputday9.txt */; };
		B15347772943F30F00A394F8 /* inputday9example2.txt in Resources */ = {isa = PBXBuildFile; fileRef = B15347762943F30F00A394F8 /* inputday9example2.txt */; };
		B15347782943F30F00A394F8 /* inputday9example2.txt in Resources */ = {isa = PBXBuildFile; fileRef = B15347762943F30F00A394F8 /* inputday9example2.txt */; };
		B153477A2944782000A394F8 /* AoCDay10.swift in Sources */ = {isa = PBXBuildFile; fileRef = B15347792944782000A394F8 /* AoCDay10.swift */; };
		B153477B2944782000A394F8 /* AoCDay10.swift in Sources */ = {isa = PBXBuildFile; fileRef = B15347792944782000A394F8 /* AoCDay10.swift */; };
		B15347802944785100A394F8 /* inputday10example.txt in Resources */ = {isa = PBXBuildFile; fileRef = B153477F2944785100A394F8 /* inputday10example.txt */; };
		B15347812944785100A394F8 /* inputday10example.txt in Resources */ = {isa = PBXBuildFile; fileRef = B153477F2944785100A394F8 /* inputday10example.txt */; };
		B15347832945D9C200A394F8 /* inputday10.txt in Resources */ = {isa = PBXBuildFile; fileRef = B15347822945D9C200A394F8 /* inputday10.txt */; };
		B15347842945D9C200A394F8 /* inputday10.txt in Resources */ = {isa = PBXBuildFile; fileRef = B15347822945D9C200A394F8 /* inputday10.txt */; };
		B153478629463EE800A394F8 /* AoCDay11.swift in Sources */ = {isa = PBXBuildFile; fileRef = B153478529463EE800A394F8 /* AoCDay11.swift */; };
		B153478729463EE800A394F8 /* AoCDay11.swift in Sources */ = {isa = PBXBuildFile; fileRef = B153478529463EE800A394F8 /* AoCDay11.swift */; };
		B153478929463F0100A394F8 /* inputday11example.txt in Resources */ = {isa = PBXBuildFile; fileRef = B153478829463F0100A394F8 /* inputday11example.txt */; };
		B153478A29463F0100A394F8 /* inputday11example.txt in Resources */ = {isa = PBXBuildFile; fileRef = B153478829463F0100A394F8 /* inputday11example.txt */; };
		B153478C2946552200A394F8 /* inputday11.txt in Resources */ = {isa = PBXBuildFile; fileRef = B153478B2946552200A394F8 /* inputday11.txt */; };
		B153478D2946552200A394F8 /* inputday11.txt in Resources */ = {isa = PBXBuildFile; fileRef = B153478B2946552200A394F8 /* inputday11.txt */; };
		B1F63EDF293B2BD80065D714 /* AdventOfCode2022App.swift in Sources */ = {isa = PBXBuildFile; fileRef = B1F63EDE293B2BD80065D714 /* AdventOfCode2022App.swift */; };
		B1F63EE1293B2BD80065D714 /* ContentView.swift in Sources */ = {isa = PBXBuildFile; fileRef = B1F63EE0293B2BD80065D714 /* ContentView.swift */; };
		B1F63EE3293B2BDD0065D714 /* Assets.xcassets in Resources */ = {isa = PBXBuildFile; fileRef = B1F63EE2293B2BDD0065D714 /* Assets.xcassets */; };
		B1F63EE7293B2BDD0065D714 /* Preview Assets.xcassets in Resources */ = {isa = PBXBuildFile; fileRef = B1F63EE6293B2BDD0065D714 /* Preview Assets.xcassets */; };
		B1F63EF1293B2BDE0065D714 /* AdventOfCode2022Tests.swift in Sources */ = {isa = PBXBuildFile; fileRef = B1F63EF0293B2BDE0065D714 /* AdventOfCode2022Tests.swift */; };
		B1F63F0A293B2C500065D714 /* AoC.swift in Sources */ = {isa = PBXBuildFile; fileRef = B1F63F09293B2C500065D714 /* AoC.swift */; };
		B1F63F0C293B34250065D714 /* inputCals.txt in Resources */ = {isa = PBXBuildFile; fileRef = B1F63F0B293B34250065D714 /* inputCals.txt */; };
		B1F63F0E293B3BF50065D714 /* inputday2.txt in Resources */ = {isa = PBXBuildFile; fileRef = B1F63F0D293B3BF50065D714 /* inputday2.txt */; };
		B1F63F10293B3D0B0065D714 /* Utils.swift in Sources */ = {isa = PBXBuildFile; fileRef = B1F63F0F293B3D0B0065D714 /* Utils.swift */; };
		B1F63F12293B3DA80065D714 /* AocDay2.swift in Sources */ = {isa = PBXBuildFile; fileRef = B1F63F11293B3DA80065D714 /* AocDay2.swift */; };
		B1F63F14293BA4130065D714 /* AocDay3.swift in Sources */ = {isa = PBXBuildFile; fileRef = B1F63F13293BA4130065D714 /* AocDay3.swift */; };
		B1F63F16293C913B0065D714 /* AocDay3.swift in Sources */ = {isa = PBXBuildFile; fileRef = B1F63F13293BA4130065D714 /* AocDay3.swift */; };
		B1F63F17293C944F0065D714 /* Utils.swift in Sources */ = {isa = PBXBuildFile; fileRef = B1F63F0F293B3D0B0065D714 /* Utils.swift */; };
		B1F63F18293C955D0065D714 /* inputRucksacks.txt in Resources */ = {isa = PBXBuildFile; fileRef = B1F63F15293BA4760065D714 /* inputRucksacks.txt */; };
		B1F63F19293C955D0065D714 /* inputRucksacks.txt in Resources */ = {isa = PBXBuildFile; fileRef = B1F63F15293BA4760065D714 /* inputRucksacks.txt */; };
		B1F63F1B293E25BF0065D714 /* AoCDay4.swift in Sources */ = {isa = PBXBuildFile; fileRef = B1F63F1A293E25BF0065D714 /* AoCDay4.swift */; };
		B1F63F1C293E28470065D714 /* AoCDay4.swift in Sources */ = {isa = PBXBuildFile; fileRef = B1F63F1A293E25BF0065D714 /* AoCDay4.swift */; };
		B1F63F1E293E3CBE0065D714 /* inputday4.txt in Resources */ = {isa = PBXBuildFile; fileRef = B1F63F1D293E3CBE0065D714 /* inputday4.txt */; };
		B1F63F1F293E3CBE0065D714 /* inputday4.txt in Resources */ = {isa = PBXBuildFile; fileRef = B1F63F1D293E3CBE0065D714 /* inputday4.txt */; };
		B1F63F21293E53250065D714 /* inputday5.txt in Resources */ = {isa = PBXBuildFile; fileRef = B1F63F20293E53250065D714 /* inputday5.txt */; };
		B1F63F22293E53250065D714 /* inputday5.txt in Resources */ = {isa = PBXBuildFile; fileRef = B1F63F20293E53250065D714 /* inputday5.txt */; };
		B1F63F24293E53480065D714 /* inputday5example.txt in Resources */ = {isa = PBXBuildFile; fileRef = B1F63F23293E53480065D714 /* inputday5example.txt */; };
		B1F63F25293E53480065D714 /* inputday5example.txt in Resources */ = {isa = PBXBuildFile; fileRef = B1F63F23293E53480065D714 /* inputday5example.txt */; };
		B1F63F27293E53710065D714 /* AoCDay5.swift in Sources */ = {isa = PBXBuildFile; fileRef = B1F63F26293E53710065D714 /* AoCDay5.swift */; };
		B1F63F28293E53710065D714 /* AoCDay5.swift in Sources */ = {isa = PBXBuildFile; fileRef = B1F63F26293E53710065D714 /* AoCDay5.swift */; };
/* End PBXBuildFile section */

/* Begin PBXContainerItemProxy section */
		B1F63EED293B2BDE0065D714 /* PBXContainerItemProxy */ = {
			isa = PBXContainerItemProxy;
			containerPortal = B1F63ED3293B2BD70065D714 /* Project object */;
			proxyType = 1;
			remoteGlobalIDString = B1F63EDA293B2BD70065D714;
			remoteInfo = AdventOfCode2022;
		};
/* End PBXContainerItemProxy section */

/* Begin PBXFileReference section */
		B15347522940C20C00A394F8 /* AoCDay6.swift */ = {isa = PBXFileReference; lastKnownFileType = sourcecode.swift; path = AoCDay6.swift; sourceTree = "<group>"; };
		B15347572940C7F300A394F8 /* inputday6.txt */ = {isa = PBXFileReference; lastKnownFileType = text; path = inputday6.txt; sourceTree = "<group>"; };
		B15347592941066500A394F8 /* inputday7example.txt */ = {isa = PBXFileReference; lastKnownFileType = text; path = inputday7example.txt; sourceTree = "<group>"; };
		B153475B2941068900A394F8 /* AoCDay7.swift */ = {isa = PBXFileReference; lastKnownFileType = sourcecode.swift; path = AoCDay7.swift; sourceTree = "<group>"; };
		B153475E29412AEA00A394F8 /* inputday7.txt */ = {isa = PBXFileReference; lastKnownFileType = text; path = inputday7.txt; sourceTree = "<group>"; };
		B15347612941C65100A394F8 /* inputday8example.txt */ = {isa = PBXFileReference; lastKnownFileType = text; path = inputday8example.txt; sourceTree = "<group>"; };
		B15347642941C67600A394F8 /* AoCDay8.swift */ = {isa = PBXFileReference; lastKnownFileType = sourcecode.swift; path = AoCDay8.swift; sourceTree = "<group>"; };
		B15347672942064800A394F8 /* inputday8.txt */ = {isa = PBXFileReference; lastKnownFileType = text; path = inputday8.txt; sourceTree = "<group>"; };
		B153476A294208AE00A394F8 /* inputday8Example2 */ = {isa = PBXFileReference; lastKnownFileType = text; path = inputday8Example2; sourceTree = "<group>"; };
		B153476D294311DC00A394F8 /* AoCDay9.swift */ = {isa = PBXFileReference; lastKnownFileType = sourcecode.swift; path = AoCDay9.swift; sourceTree = "<group>"; };
		B15347702943120A00A394F8 /* inputday9example.txt */ = {isa = PBXFileReference; lastKnownFileType = text; name = inputday9example.txt; path = AdventOfCode2022/inputday9example.txt; sourceTree = SOURCE_ROOT; };
		B15347732943D4B900A394F8 /* inputday9.txt */ = {isa = PBXFileReference; lastKnownFileType = text; path = inputday9.txt; sourceTree = "<group>"; };
		B15347762943F30F00A394F8 /* inputday9example2.txt */ = {isa = PBXFileReference; lastKnownFileType = text; path = inputday9example2.txt; sourceTree = "<group>"; };
		B15347792944782000A394F8 /* AoCDay10.swift */ = {isa = PBXFileReference; lastKnownFileType = sourcecode.swift; path = AoCDay10.swift; sourceTree = "<group>"; };
		B153477F2944785100A394F8 /* inputday10example.txt */ = {isa = PBXFileReference; lastKnownFileType = text; path = inputday10example.txt; sourceTree = "<group>"; };
		B15347822945D9C200A394F8 /* inputday10.txt */ = {isa = PBXFileReference; lastKnownFileType = text; path = inputday10.txt; sourceTree = "<group>"; };
		B153478529463EE800A394F8 /* AoCDay11.swift */ = {isa = PBXFileReference; lastKnownFileType = sourcecode.swift; path = AoCDay11.swift; sourceTree = "<group>"; };
		B153478829463F0100A394F8 /* inputday11example.txt */ = {isa = PBXFileReference; lastKnownFileType = text; path = inputday11example.txt; sourceTree = "<group>"; };
		B153478B2946552200A394F8 /* inputday11.txt */ = {isa = PBXFileReference; lastKnownFileType = text; path = inputday11.txt; sourceTree = "<group>"; };
		B1F63EDB293B2BD80065D714 /* AdventOfCode2022.app */ = {isa = PBXFileReference; explicitFileType = wrapper.application; includeInIndex = 0; path = AdventOfCode2022.app; sourceTree = BUILT_PRODUCTS_DIR; };
		B1F63EDE293B2BD80065D714 /* AdventOfCode2022App.swift */ = {isa = PBXFileReference; lastKnownFileType = sourcecode.swift; path = AdventOfCode2022App.swift; sourceTree = "<group>"; };
		B1F63EE0293B2BD80065D714 /* ContentView.swift */ = {isa = PBXFileReference; lastKnownFileType = sourcecode.swift; path = ContentView.swift; sourceTree = "<group>"; };
		B1F63EE2293B2BDD0065D714 /* Assets.xcassets */ = {isa = PBXFileReference; lastKnownFileType = folder.assetcatalog; path = Assets.xcassets; sourceTree = "<group>"; };
		B1F63EE4293B2BDD0065D714 /* AdventOfCode2022.entitlements */ = {isa = PBXFileReference; lastKnownFileType = text.plist.entitlements; path = AdventOfCode2022.entitlements; sourceTree = "<group>"; };
		B1F63EE6293B2BDD0065D714 /* Preview Assets.xcassets */ = {isa = PBXFileReference; lastKnownFileType = folder.assetcatalog; path = "Preview Assets.xcassets"; sourceTree = "<group>"; };
		B1F63EEC293B2BDE0065D714 /* AdventOfCode2022Tests.xctest */ = {isa = PBXFileReference; explicitFileType = wrapper.cfbundle; includeInIndex = 0; path = AdventOfCode2022Tests.xctest; sourceTree = BUILT_PRODUCTS_DIR; };
		B1F63EF0293B2BDE0065D714 /* AdventOfCode2022Tests.swift */ = {isa = PBXFileReference; lastKnownFileType = sourcecode.swift; path = AdventOfCode2022Tests.swift; sourceTree = "<group>"; };
		B1F63F09293B2C500065D714 /* AoC.swift */ = {isa = PBXFileReference; lastKnownFileType = sourcecode.swift; path = AoC.swift; sourceTree = "<group>"; };
		B1F63F0B293B34250065D714 /* inputCals.txt */ = {isa = PBXFileReference; lastKnownFileType = text; path = inputCals.txt; sourceTree = "<group>"; };
		B1F63F0D293B3BF50065D714 /* inputday2.txt */ = {isa = PBXFileReference; lastKnownFileType = text; path = inputday2.txt; sourceTree = "<group>"; };
		B1F63F0F293B3D0B0065D714 /* Utils.swift */ = {isa = PBXFileReference; lastKnownFileType = sourcecode.swift; path = Utils.swift; sourceTree = "<group>"; };
		B1F63F11293B3DA80065D714 /* AocDay2.swift */ = {isa = PBXFileReference; lastKnownFileType = sourcecode.swift; path = AocDay2.swift; sourceTree = "<group>"; };
		B1F63F13293BA4130065D714 /* AocDay3.swift */ = {isa = PBXFileReference; lastKnownFileType = sourcecode.swift; path = AocDay3.swift; sourceTree = "<group>"; };
		B1F63F15293BA4760065D714 /* inputRucksacks.txt */ = {isa = PBXFileReference; lastKnownFileType = text; path = inputRucksacks.txt; sourceTree = "<group>"; };
		B1F63F1A293E25BF0065D714 /* AoCDay4.swift */ = {isa = PBXFileReference; lastKnownFileType = sourcecode.swift; path = AoCDay4.swift; sourceTree = "<group>"; };
		B1F63F1D293E3CBE0065D714 /* inputday4.txt */ = {isa = PBXFileReference; lastKnownFileType = text; path = inputday4.txt; sourceTree = "<group>"; };
		B1F63F20293E53250065D714 /* inputday5.txt */ = {isa = PBXFileReference; lastKnownFileType = text; path = inputday5.txt; sourceTree = "<group>"; };
		B1F63F23293E53480065D714 /* inputday5example.txt */ = {isa = PBXFileReference; lastKnownFileType = text; path = inputday5example.txt; sourceTree = "<group>"; };
		B1F63F26293E53710065D714 /* AoCDay5.swift */ = {isa = PBXFileReference; lastKnownFileType = sourcecode.swift; path = AoCDay5.swift; sourceTree = "<group>"; };
/* End PBXFileReference section */

/* Begin PBXFrameworksBuildPhase section */
		B1F63ED8293B2BD70065D714 /* Frameworks */ = {
			isa = PBXFrameworksBuildPhase;
			buildActionMask = 2147483647;
			files = (
			);
			runOnlyForDeploymentPostprocessing = 0;
		};
		B1F63EE9293B2BDE0065D714 /* Frameworks */ = {
			isa = PBXFrameworksBuildPhase;
			buildActionMask = 2147483647;
			files = (
			);
			runOnlyForDeploymentPostprocessing = 0;
		};
/* End PBXFrameworksBuildPhase section */

/* Begin PBXGroup section */
		B1F63ED2293B2BD70065D714 = {
			isa = PBXGroup;
			children = (
				B1F63EDD293B2BD80065D714 /* AdventOfCode2022 */,
				B1F63EEF293B2BDE0065D714 /* AdventOfCode2022Tests */,
				B1F63EDC293B2BD80065D714 /* Products */,
			);
			sourceTree = "<group>";
		};
		B1F63EDC293B2BD80065D714 /* Products */ = {
			isa = PBXGroup;
			children = (
				B1F63EDB293B2BD80065D714 /* AdventOfCode2022.app */,
				B1F63EEC293B2BDE0065D714 /* AdventOfCode2022Tests.xctest */,
			);
			name = Products;
			sourceTree = "<group>";
		};
		B1F63EDD293B2BD80065D714 /* AdventOfCode2022 */ = {
			isa = PBXGroup;
			children = (
				B153476D294311DC00A394F8 /* AoCDay9.swift */,
				B15347522940C20C00A394F8 /* AoCDay6.swift */,
				B1F63F26293E53710065D714 /* AoCDay5.swift */,
				B1F63F1A293E25BF0065D714 /* AoCDay4.swift */,
				B1F63F13293BA4130065D714 /* AocDay3.swift */,
				B1F63EDE293B2BD80065D714 /* AdventOfCode2022App.swift */,
				B1F63EE0293B2BD80065D714 /* ContentView.swift */,
				B1F63F09293B2C500065D714 /* AoC.swift */,
				B1F63F11293B3DA80065D714 /* AocDay2.swift */,
				B1F63F0F293B3D0B0065D714 /* Utils.swift */,
				B1F63EE2293B2BDD0065D714 /* Assets.xcassets */,
				B1F63F1D293E3CBE0065D714 /* inputday4.txt */,
				B15347592941066500A394F8 /* inputday7example.txt */,
				B1F63F0B293B34250065D714 /* inputCals.txt */,
				B15347572940C7F300A394F8 /* inputday6.txt */,
				B1F63F0D293B3BF50065D714 /* inputday2.txt */,
				B15347702943120A00A394F8 /* inputday9example.txt */,
				B1F63F15293BA4760065D714 /* inputRucksacks.txt */,
				B1F63EE4293B2BDD0065D714 /* AdventOfCode2022.entitlements */,
				B1F63EE5293B2BDD0065D714 /* Preview Content */,
				B1F63F20293E53250065D714 /* inputday5.txt */,
				B1F63F23293E53480065D714 /* inputday5example.txt */,
				B153475B2941068900A394F8 /* AoCDay7.swift */,
				B153478B2946552200A394F8 /* inputday11.txt */,
				B15347732943D4B900A394F8 /* inputday9.txt */,
				B153475E29412AEA00A394F8 /* inputday7.txt */,
				B15347612941C65100A394F8 /* inputday8example.txt */,
				B153476A294208AE00A394F8 /* inputday8Example2 */,
				B15347762943F30F00A394F8 /* inputday9example2.txt */,
				B15347642941C67600A394F8 /* AoCDay8.swift */,
				B15347672942064800A394F8 /* inputday8.txt */,
			);
			path = AdventOfCode2022;
			sourceTree = "<group>";
		};
		B1F63EE5293B2BDD0065D714 /* Preview Content */ = {
			isa = PBXGroup;
			children = (
				B1F63EE6293B2BDD0065D714 /* Preview Assets.xcassets */,
			);
			path = "Preview Content";
			sourceTree = "<group>";
		};
		B1F63EEF293B2BDE0065D714 /* AdventOfCode2022Tests */ = {
			isa = PBXGroup;
			children = (
				B1F63EF0293B2BDE0065D714 /* AdventOfCode2022Tests.swift */,
				B15347792944782000A394F8 /* AoCDay10.swift */,
				B153478529463EE800A394F8 /* AoCDay11.swift */,
				B153478829463F0100A394F8 /* inputday11example.txt */,
				B15347822945D9C200A394F8 /* inputday10.txt */,
				B153477F2944785100A394F8 /* inputday10example.txt */,
			);
			path = AdventOfCode2022Tests;
			sourceTree = "<group>";
		};
/* End PBXGroup section */

/* Begin PBXNativeTarget section */
		B1F63EDA293B2BD70065D714 /* AdventOfCode2022 */ = {
			isa = PBXNativeTarget;
			buildConfigurationList = B1F63F00293B2BDE0065D714 /* Build configuration list for PBXNativeTarget "AdventOfCode2022" */;
			buildPhases = (
				B1F63ED7293B2BD70065D714 /* Sources */,
				B1F63ED8293B2BD70065D714 /* Frameworks */,
				B1F63ED9293B2BD70065D714 /* Resources */,
			);
			buildRules = (
			);
			dependencies = (
			);
			name = AdventOfCode2022;
			productName = AdventOfCode2022;
			productReference = B1F63EDB293B2BD80065D714 /* AdventOfCode2022.app */;
			productType = "com.apple.product-type.application";
		};
		B1F63EEB293B2BDE0065D714 /* AdventOfCode2022Tests */ = {
			isa = PBXNativeTarget;
			buildConfigurationList = B1F63F03293B2BDE0065D714 /* Build configuration list for PBXNativeTarget "AdventOfCode2022Tests" */;
			buildPhases = (
				B1F63EE8293B2BDE0065D714 /* Sources */,
				B1F63EE9293B2BDE0065D714 /* Frameworks */,
				B1F63EEA293B2BDE0065D714 /* Resources */,
			);
			buildRules = (
			);
			dependencies = (
				B1F63EEE293B2BDE0065D714 /* PBXTargetDependency */,
			);
			name = AdventOfCode2022Tests;
			productName = AdventOfCode2022Tests;
			productReference = B1F63EEC293B2BDE0065D714 /* AdventOfCode2022Tests.xctest */;
			productType = "com.apple.product-type.bundle.unit-test";
		};
/* End PBXNativeTarget section */

/* Begin PBXProject section */
		B1F63ED3293B2BD70065D714 /* Project object */ = {
			isa = PBXProject;
			attributes = {
				BuildIndependentTargetsInParallel = 1;
				LastSwiftUpdateCheck = 1410;
				LastUpgradeCheck = 1410;
				TargetAttributes = {
					B1F63EDA293B2BD70065D714 = {
						CreatedOnToolsVersion = 14.1;
					};
					B1F63EEB293B2BDE0065D714 = {
						CreatedOnToolsVersion = 14.1;
						TestTargetID = B1F63EDA293B2BD70065D714;
					};
				};
			};
			buildConfigurationList = B1F63ED6293B2BD70065D714 /* Build configuration list for PBXProject "AdventOfCode2022" */;
			compatibilityVersion = "Xcode 14.0";
			developmentRegion = en;
			hasScannedForEncodings = 0;
			knownRegions = (
				en,
				Base,
			);
			mainGroup = B1F63ED2293B2BD70065D714;
			productRefGroup = B1F63EDC293B2BD80065D714 /* Products */;
			projectDirPath = "";
			projectRoot = "";
			targets = (
				B1F63EDA293B2BD70065D714 /* AdventOfCode2022 */,
				B1F63EEB293B2BDE0065D714 /* AdventOfCode2022Tests */,
			);
		};
/* End PBXProject section */

/* Begin PBXResourcesBuildPhase section */
		B1F63ED9293B2BD70065D714 /* Resources */ = {
			isa = PBXResourcesBuildPhase;
			buildActionMask = 2147483647;
			files = (
				B153478C2946552200A394F8 /* inputday11.txt in Resources */,
				B15347802944785100A394F8 /* inputday10example.txt in Resources */,
				B15347622941C65100A394F8 /* inputday8example.txt in Resources */,
				B1F63EE7293B2BDD0065D714 /* Preview Assets.xcassets in Resources */,
				B15347742943D4B900A394F8 /* inputday9.txt in Resources */,
				B1F63F24293E53480065D714 /* inputday5example.txt in Resources */,
				B1F63F0C293B34250065D714 /* inputCals.txt in Resources */,
				B153475A2941066500A394F8 /* inputday7example.txt in Resources */,
				B1F63F18293C955D0065D714 /* inputRucksacks.txt in Resources */,
				B15347832945D9C200A394F8 /* inputday10.txt in Resources */,
				B1F63EE3293B2BDD0065D714 /* Assets.xcassets in Resources */,
				B1F63F0E293B3BF50065D714 /* inputday2.txt in Resources */,
				B15347772943F30F00A394F8 /* inputday9example2.txt in Resources */,
				B15347682942064800A394F8 /* inputday8.txt in Resources */,
				B1F63F1E293E3CBE0065D714 /* inputday4.txt in Resources */,
				B1F63F21293E53250065D714 /* inputday5.txt in Resources */,
				B153478929463F0100A394F8 /* inputday11example.txt in Resources */,
				B153476B294208AE00A394F8 /* inputday8Example2 in Resources */,
				B15347712943120A00A394F8 /* inputday9example.txt in Resources */,
				B15347582940C7F300A394F8 /* inputday6.txt in Resources */,
				B153475F29412AEA00A394F8 /* inputday7.txt in Resources */,
			);
			runOnlyForDeploymentPostprocessing = 0;
		};
		B1F63EEA293B2BDE0065D714 /* Resources */ = {
			isa = PBXResourcesBuildPhase;
			buildActionMask = 2147483647;
			files = (
				B15347632941C65100A394F8 /* inputday8example.txt in Resources */,
				B1F63F19293C955D0065D714 /* inputRucksacks.txt in Resources */,
				B1F63F25293E53480065D714 /* inputday5example.txt in Resources */,
				B15347722943120A00A394F8 /* inputday9example.txt in Resources */,
				B15347692942064800A394F8 /* inputday8.txt in Resources */,
				B153476029412AEA00A394F8 /* inputday7.txt in Resources */,
				B15347812944785100A394F8 /* inputday10example.txt in Resources */,
				B153476C294208AE00A394F8 /* inputday8Example2 in Resources */,
				B1F63F1F293E3CBE0065D714 /* inputday4.txt in Resources */,
				B153478D2946552200A394F8 /* inputday11.txt in Resources */,
				B15347752943D4B900A394F8 /* inputday9.txt in Resources */,
				B1F63F22293E53250065D714 /* inputday5.txt in Resources */,
				B153478A29463F0100A394F8 /* inputday11example.txt in Resources */,
				B15347782943F30F00A394F8 /* inputday9example2.txt in Resources */,
				B15347842945D9C200A394F8 /* inputday10.txt in Resources */,
			);
			runOnlyForDeploymentPostprocessing = 0;
		};
/* End PBXResourcesBuildPhase section */

/* Begin PBXSourcesBuildPhase section */
		B1F63ED7293B2BD70065D714 /* Sources */ = {
			isa = PBXSourcesBuildPhase;
			buildActionMask = 2147483647;
			files = (
				B1F63F1B293E25BF0065D714 /* AoCDay4.swift in Sources */,
				B1F63F14293BA4130065D714 /* AocDay3.swift in Sources */,
				B1F63F0A293B2C500065D714 /* AoC.swift in Sources */,
				B1F63EE1293B2BD80065D714 /* ContentView.swift in Sources */,
				B153477A2944782000A394F8 /* AoCDay10.swift in Sources */,
				B153475C2941068900A394F8 /* AoCDay7.swift in Sources */,
				B15347532940C20C00A394F8 /* AoCDay6.swift in Sources */,
				B15347652941C67600A394F8 /* AoCDay8.swift in Sources */,
				B153478629463EE800A394F8 /* AoCDay11.swift in Sources */,
				B1F63EDF293B2BD80065D714 /* AdventOfCode2022App.swift in Sources */,
				B1F63F10293B3D0B0065D714 /* Utils.swift in Sources */,
				B1F63F27293E53710065D714 /* AoCDay5.swift in Sources */,
				B153476E294311DC00A394F8 /* AoCDay9.swift in Sources */,
				B1F63F12293B3DA80065D714 /* AocDay2.swift in Sources */,
			);
			runOnlyForDeploymentPostprocessing = 0;
		};
		B1F63EE8293B2BDE0065D714 /* Sources */ = {
			isa = PBXSourcesBuildPhase;
			buildActionMask = 2147483647;
			files = (
				B1F63F16293C913B0065D714 /* AocDay3.swift in Sources */,
				B15347662941C67600A394F8 /* AoCDay8.swift in Sources */,
				B15347542940C2E800A394F8 /* AoCDay6.swift in Sources */,
				B153477B2944782000A394F8 /* AoCDay10.swift in Sources */,
				B1F63F1C293E28470065D714 /* AoCDay4.swift in Sources */,
				B153476F294311DC00A394F8 /* AoCDay9.swift in Sources */,
				B1F63EF1293B2BDE0065D714 /* AdventOfCode2022Tests.swift in Sources */,
				B153478729463EE800A394F8 /* AoCDay11.swift in Sources */,
				B1F63F17293C944F0065D714 /* Utils.swift in Sources */,
				B153475D2941068900A394F8 /* AoCDay7.swift in Sources */,
				B1F63F28293E53710065D714 /* AoCDay5.swift in Sources */,
			);
			runOnlyForDeploymentPostprocessing = 0;
		};
/* End PBXSourcesBuildPhase section */

/* Begin PBXTargetDependency section */
		B1F63EEE293B2BDE0065D714 /* PBXTargetDependency */ = {
			isa = PBXTargetDependency;
			target = B1F63EDA293B2BD70065D714 /* AdventOfCode2022 */;
			targetProxy = B1F63EED293B2BDE0065D714 /* PBXContainerItemProxy */;
		};
/* End PBXTargetDependency section */

/* Begin XCBuildConfiguration section */
		B1F63EFE293B2BDE0065D714 /* Debug */ = {
			isa = XCBuildConfiguration;
			buildSettings = {
				ALWAYS_SEARCH_USER_PATHS = NO;
				CLANG_ANALYZER_NONNULL = YES;
				CLANG_ANALYZER_NUMBER_OBJECT_CONVERSION = YES_AGGRESSIVE;
				CLANG_CXX_LANGUAGE_STANDARD = "gnu++20";
				CLANG_ENABLE_MODULES = YES;
				CLANG_ENABLE_OBJC_ARC = YES;
				CLANG_ENABLE_OBJC_WEAK = YES;
				CLANG_WARN_BLOCK_CAPTURE_AUTORELEASING = YES;
				CLANG_WARN_BOOL_CONVERSION = YES;
				CLANG_WARN_COMMA = YES;
				CLANG_WARN_CONSTANT_CONVERSION = YES;
				CLANG_WARN_DEPRECATED_OBJC_IMPLEMENTATIONS = YES;
				CLANG_WARN_DIRECT_OBJC_ISA_USAGE = YES_ERROR;
				CLANG_WARN_DOCUMENTATION_COMMENTS = YES;
				CLANG_WARN_EMPTY_BODY = YES;
				CLANG_WARN_ENUM_CONVERSION = YES;
				CLANG_WARN_INFINITE_RECURSION = YES;
				CLANG_WARN_INT_CONVERSION = YES;
				CLANG_WARN_NON_LITERAL_NULL_CONVERSION = YES;
				CLANG_WARN_OBJC_IMPLICIT_RETAIN_SELF = YES;
				CLANG_WARN_OBJC_LITERAL_CONVERSION = YES;
				CLANG_WARN_OBJC_ROOT_CLASS = YES_ERROR;
				CLANG_WARN_QUOTED_INCLUDE_IN_FRAMEWORK_HEADER = YES;
				CLANG_WARN_RANGE_LOOP_ANALYSIS = YES;
				CLANG_WARN_STRICT_PROTOTYPES = YES;
				CLANG_WARN_SUSPICIOUS_MOVE = YES;
				CLANG_WARN_UNGUARDED_AVAILABILITY = YES_AGGRESSIVE;
				CLANG_WARN_UNREACHABLE_CODE = YES;
				CLANG_WARN__DUPLICATE_METHOD_MATCH = YES;
				COPY_PHASE_STRIP = NO;
				DEBUG_INFORMATION_FORMAT = dwarf;
				ENABLE_STRICT_OBJC_MSGSEND = YES;
				ENABLE_TESTABILITY = YES;
				GCC_C_LANGUAGE_STANDARD = gnu11;
				GCC_DYNAMIC_NO_PIC = NO;
				GCC_NO_COMMON_BLOCKS = YES;
				GCC_OPTIMIZATION_LEVEL = 0;
				GCC_PREPROCESSOR_DEFINITIONS = (
					"DEBUG=1",
					"$(inherited)",
				);
				GCC_WARN_64_TO_32_BIT_CONVERSION = YES;
				GCC_WARN_ABOUT_RETURN_TYPE = YES_ERROR;
				GCC_WARN_UNDECLARED_SELECTOR = YES;
				GCC_WARN_UNINITIALIZED_AUTOS = YES_AGGRESSIVE;
				GCC_WARN_UNUSED_FUNCTION = YES;
				GCC_WARN_UNUSED_VARIABLE = YES;
				MTL_ENABLE_DEBUG_INFO = INCLUDE_SOURCE;
				MTL_FAST_MATH = YES;
				ONLY_ACTIVE_ARCH = YES;
				SWIFT_ACTIVE_COMPILATION_CONDITIONS = DEBUG;
				SWIFT_OPTIMIZATION_LEVEL = "-Onone";
			};
			name = Debug;
		};
		B1F63EFF293B2BDE0065D714 /* Release */ = {
			isa = XCBuildConfiguration;
			buildSettings = {
				ALWAYS_SEARCH_USER_PATHS = NO;
				CLANG_ANALYZER_NONNULL = YES;
				CLANG_ANALYZER_NUMBER_OBJECT_CONVERSION = YES_AGGRESSIVE;
				CLANG_CXX_LANGUAGE_STANDARD = "gnu++20";
				CLANG_ENABLE_MODULES = YES;
				CLANG_ENABLE_OBJC_ARC = YES;
				CLANG_ENABLE_OBJC_WEAK = YES;
				CLANG_WARN_BLOCK_CAPTURE_AUTORELEASING = YES;
				CLANG_WARN_BOOL_CONVERSION = YES;
				CLANG_WARN_COMMA = YES;
				CLANG_WARN_CONSTANT_CONVERSION = YES;
				CLANG_WARN_DEPRECATED_OBJC_IMPLEMENTATIONS = YES;
				CLANG_WARN_DIRECT_OBJC_ISA_USAGE = YES_ERROR;
				CLANG_WARN_DOCUMENTATION_COMMENTS = YES;
				CLANG_WARN_EMPTY_BODY = YES;
				CLANG_WARN_ENUM_CONVERSION = YES;
				CLANG_WARN_INFINITE_RECURSION = YES;
				CLANG_WARN_INT_CONVERSION = YES;
				CLANG_WARN_NON_LITERAL_NULL_CONVERSION = YES;
				CLANG_WARN_OBJC_IMPLICIT_RETAIN_SELF = YES;
				CLANG_WARN_OBJC_LITERAL_CONVERSION = YES;
				CLANG_WARN_OBJC_ROOT_CLASS = YES_ERROR;
				CLANG_WARN_QUOTED_INCLUDE_IN_FRAMEWORK_HEADER = YES;
				CLANG_WARN_RANGE_LOOP_ANALYSIS = YES;
				CLANG_WARN_STRICT_PROTOTYPES = YES;
				CLANG_WARN_SUSPICIOUS_MOVE = YES;
				CLANG_WARN_UNGUARDED_AVAILABILITY = YES_AGGRESSIVE;
				CLANG_WARN_UNREACHABLE_CODE = YES;
				CLANG_WARN__DUPLICATE_METHOD_MATCH = YES;
				COPY_PHASE_STRIP = NO;
				DEBUG_INFORMATION_FORMAT = "dwarf-with-dsym";
				ENABLE_NS_ASSERTIONS = NO;
				ENABLE_STRICT_OBJC_MSGSEND = YES;
				GCC_C_LANGUAGE_STANDARD = gnu11;
				GCC_NO_COMMON_BLOCKS = YES;
				GCC_WARN_64_TO_32_BIT_CONVERSION = YES;
				GCC_WARN_ABOUT_RETURN_TYPE = YES_ERROR;
				GCC_WARN_UNDECLARED_SELECTOR = YES;
				GCC_WARN_UNINITIALIZED_AUTOS = YES_AGGRESSIVE;
				GCC_WARN_UNUSED_FUNCTION = YES;
				GCC_WARN_UNUSED_VARIABLE = YES;
				MTL_ENABLE_DEBUG_INFO = NO;
				MTL_FAST_MATH = YES;
				SWIFT_COMPILATION_MODE = wholemodule;
				SWIFT_OPTIMIZATION_LEVEL = "-O";
			};
			name = Release;
		};
		B1F63F01293B2BDE0065D714 /* Debug */ = {
			isa = XCBuildConfiguration;
			buildSettings = {
				ASSETCATALOG_COMPILER_APPICON_NAME = AppIcon;
				ASSETCATALOG_COMPILER_GLOBAL_ACCENT_COLOR_NAME = AccentColor;
				CODE_SIGN_ENTITLEMENTS = AdventOfCode2022/AdventOfCode2022.entitlements;
				CODE_SIGN_STYLE = Automatic;
				CURRENT_PROJECT_VERSION = 1;
				DEVELOPMENT_ASSET_PATHS = "\"AdventOfCode2022/Preview Content\"";
				DEVELOPMENT_TEAM = 3U6SJ73Y5T;
				ENABLE_HARDENED_RUNTIME = YES;
				ENABLE_PREVIEWS = YES;
				GENERATE_INFOPLIST_FILE = YES;
				"INFOPLIST_KEY_UIApplicationSceneManifest_Generation[sdk=iphoneos*]" = YES;
				"INFOPLIST_KEY_UIApplicationSceneManifest_Generation[sdk=iphonesimulator*]" = YES;
				"INFOPLIST_KEY_UIApplicationSupportsIndirectInputEvents[sdk=iphoneos*]" = YES;
				"INFOPLIST_KEY_UIApplicationSupportsIndirectInputEvents[sdk=iphonesimulator*]" = YES;
				"INFOPLIST_KEY_UILaunchScreen_Generation[sdk=iphoneos*]" = YES;
				"INFOPLIST_KEY_UILaunchScreen_Generation[sdk=iphonesimulator*]" = YES;
				"INFOPLIST_KEY_UIStatusBarStyle[sdk=iphoneos*]" = UIStatusBarStyleDefault;
				"INFOPLIST_KEY_UIStatusBarStyle[sdk=iphonesimulator*]" = UIStatusBarStyleDefault;
				INFOPLIST_KEY_UISupportedInterfaceOrientations_iPad = "UIInterfaceOrientationPortrait UIInterfaceOrientationPortraitUpsideDown UIInterfaceOrientationLandscapeLeft UIInterfaceOrientationLandscapeRight";
				INFOPLIST_KEY_UISupportedInterfaceOrientations_iPhone = "UIInterfaceOrientationPortrait UIInterfaceOrientationLandscapeLeft UIInterfaceOrientationLandscapeRight";
				IPHONEOS_DEPLOYMENT_TARGET = 16.1;
				LD_RUNPATH_SEARCH_PATHS = "@executable_path/Frameworks";
				"LD_RUNPATH_SEARCH_PATHS[sdk=macosx*]" = "@executable_path/../Frameworks";
				MACOSX_DEPLOYMENT_TARGET = 13.0;
				MARKETING_VERSION = 1.0;
				PRODUCT_BUNDLE_IDENTIFIER = nl.mw.adventofcode2022.AdventOfCode2022;
				PRODUCT_NAME = "$(TARGET_NAME)";
				SDKROOT = auto;
				SUPPORTED_PLATFORMS = "iphoneos iphonesimulator macosx";
				SWIFT_EMIT_LOC_STRINGS = YES;
				SWIFT_VERSION = 5.0;
				TARGETED_DEVICE_FAMILY = "1,2";
			};
			name = Debug;
		};
		B1F63F02293B2BDE0065D714 /* Release */ = {
			isa = XCBuildConfiguration;
			buildSettings = {
				ASSETCATALOG_COMPILER_APPICON_NAME = AppIcon;
				ASSETCATALOG_COMPILER_GLOBAL_ACCENT_COLOR_NAME = AccentColor;
				CODE_SIGN_ENTITLEMENTS = AdventOfCode2022/AdventOfCode2022.entitlements;
				CODE_SIGN_STYLE = Automatic;
				CURRENT_PROJECT_VERSION = 1;
				DEVELOPMENT_ASSET_PATHS = "\"AdventOfCode2022/Preview Content\"";
				DEVELOPMENT_TEAM = 3U6SJ73Y5T;
				ENABLE_HARDENED_RUNTIME = YES;
				ENABLE_PREVIEWS = YES;
				GENERATE_INFOPLIST_FILE = YES;
				"INFOPLIST_KEY_UIApplicationSceneManifest_Generation[sdk=iphoneos*]" = YES;
				"INFOPLIST_KEY_UIApplicationSceneManifest_Generation[sdk=iphonesimulator*]" = YES;
				"INFOPLIST_KEY_UIApplicationSupportsIndirectInputEvents[sdk=iphoneos*]" = YES;
				"INFOPLIST_KEY_UIApplicationSupportsIndirectInputEvents[sdk=iphonesimulator*]" = YES;
				"INFOPLIST_KEY_UILaunchScreen_Generation[sdk=iphoneos*]" = YES;
				"INFOPLIST_KEY_UILaunchScreen_Generation[sdk=iphonesimulator*]" = YES;
				"INFOPLIST_KEY_UIStatusBarStyle[sdk=iphoneos*]" = UIStatusBarStyleDefault;
				"INFOPLIST_KEY_UIStatusBarStyle[sdk=iphonesimulator*]" = UIStatusBarStyleDefault;
				INFOPLIST_KEY_UISupportedInterfaceOrientations_iPad = "UIInterfaceOrientationPortrait UIInterfaceOrientationPortraitUpsideDown UIInterfaceOrientationLandscapeLeft UIInterfaceOrientationLandscapeRight";
				INFOPLIST_KEY_UISupportedInterfaceOrientations_iPhone = "UIInterfaceOrientationPortrait UIInterfaceOrientationLandscapeLeft UIInterfaceOrientationLandscapeRight";
				IPHONEOS_DEPLOYMENT_TARGET = 16.1;
				LD_RUNPATH_SEARCH_PATHS = "@executable_path/Frameworks";
				"LD_RUNPATH_SEARCH_PATHS[sdk=macosx*]" = "@executable_path/../Frameworks";
				MACOSX_DEPLOYMENT_TARGET = 13.0;
				MARKETING_VERSION = 1.0;
				PRODUCT_BUNDLE_IDENTIFIER = nl.mw.adventofcode2022.AdventOfCode2022;
				PRODUCT_NAME = "$(TARGET_NAME)";
				SDKROOT = auto;
				SUPPORTED_PLATFORMS = "iphoneos iphonesimulator macosx";
				SWIFT_EMIT_LOC_STRINGS = YES;
				SWIFT_VERSION = 5.0;
				TARGETED_DEVICE_FAMILY = "1,2";
			};
			name = Release;
		};
		B1F63F04293B2BDE0065D714 /* Debug */ = {
			isa = XCBuildConfiguration;
			buildSettings = {
				ALWAYS_EMBED_SWIFT_STANDARD_LIBRARIES = YES;
				BUNDLE_LOADER = "$(TEST_HOST)";
				CODE_SIGN_STYLE = Automatic;
				CURRENT_PROJECT_VERSION = 1;
				DEVELOPMENT_TEAM = 3U6SJ73Y5T;
				GENERATE_INFOPLIST_FILE = YES;
				IPHONEOS_DEPLOYMENT_TARGET = 16.1;
				MACOSX_DEPLOYMENT_TARGET = 13.0;
				MARKETING_VERSION = 1.0;
				PRODUCT_BUNDLE_IDENTIFIER = nl.mw.adventofcode2022.AdventOfCode2022Tests;
				PRODUCT_NAME = "$(TARGET_NAME)";
				SDKROOT = auto;
				SUPPORTED_PLATFORMS = "iphoneos iphonesimulator macosx";
				SWIFT_EMIT_LOC_STRINGS = NO;
				SWIFT_VERSION = 5.0;
				TARGETED_DEVICE_FAMILY = "1,2";
				TEST_HOST = "$(BUILT_PRODUCTS_DIR)/AdventOfCode2022.app/$(BUNDLE_EXECUTABLE_FOLDER_PATH)/AdventOfCode2022";
			};
			name = Debug;
		};
		B1F63F05293B2BDE0065D714 /* Release */ = {
			isa = XCBuildConfiguration;
			buildSettings = {
				ALWAYS_EMBED_SWIFT_STANDARD_LIBRARIES = YES;
				BUNDLE_LOADER = "$(TEST_HOST)";
				CODE_SIGN_STYLE = Automatic;
				CURRENT_PROJECT_VERSION = 1;
				DEVELOPMENT_TEAM = 3U6SJ73Y5T;
				GENERATE_INFOPLIST_FILE = YES;
				IPHONEOS_DEPLOYMENT_TARGET = 16.1;
				MACOSX_DEPLOYMENT_TARGET = 13.0;
				MARKETING_VERSION = 1.0;
				PRODUCT_BUNDLE_IDENTIFIER = nl.mw.adventofcode2022.AdventOfCode2022Tests;
				PRODUCT_NAME = "$(TARGET_NAME)";
				SDKROOT = auto;
				SUPPORTED_PLATFORMS = "iphoneos iphonesimulator macosx";
				SWIFT_EMIT_LOC_STRINGS = NO;
				SWIFT_VERSION = 5.0;
				TARGETED_DEVICE_FAMILY = "1,2";
				TEST_HOST = "$(BUILT_PRODUCTS_DIR)/AdventOfCode2022.app/$(BUNDLE_EXECUTABLE_FOLDER_PATH)/AdventOfCode2022";
			};
			name = Release;
		};
/* End XCBuildConfiguration section */

/* Begin XCConfigurationList section */
		B1F63ED6293B2BD70065D714 /* Build configuration list for PBXProject "AdventOfCode2022" */ = {
			isa = XCConfigurationList;
			buildConfigurations = (
				B1F63EFE293B2BDE0065D714 /* Debug */,
				B1F63EFF293B2BDE0065D714 /* Release */,
			);
			defaultConfigurationIsVisible = 0;
			defaultConfigurationName = Release;
		};
		B1F63F00293B2BDE0065D714 /* Build configuration list for PBXNativeTarget "AdventOfCode2022" */ = {
			isa = XCConfigurationList;
			buildConfigurations = (
				B1F63F01293B2BDE0065D714 /* Debug */,
				B1F63F02293B2BDE0065D714 /* Release */,
			);
			defaultConfigurationIsVisible = 0;
			defaultConfigurationName = Release;
		};
		B1F63F03293B2BDE0065D714 /* Build configuration list for PBXNativeTarget "AdventOfCode2022Tests" */ = {
			isa = XCConfigurationList;
			buildConfigurations = (
				B1F63F04293B2BDE0065D714 /* Debug */,
				B1F63F05293B2BDE0065D714 /* Release */,
			);
			defaultConfigurationIsVisible = 0;
			defaultConfigurationName = Release;
		};
/* End XCConfigurationList section */
	};
	rootObject = B1F63ED3293B2BD70065D714 /* Project object */;
}
